Microsoft Visual Studio Solution File, Format Version 11.00
# Visual Studio 2008

Project("{50358BBB-23BA-15C3-DF73-E55FE7E3FE0B}") = "No More Mall Homes", "Assembly-CSharp.csproj", "{FCEE94F9-BA02-CCAF-DF82-E0C26DB5A4C0}"
EndProject
Global
	GlobalSection(SolutionConfigurationPlatforms) = preSolution
		Debug|Any CPU = Debug|Any CPU
		Release|Any CPU = Release|Any CPU
	EndGlobalSection
	GlobalSection(ProjectConfigurationPlatforms) = postSolution
		{FCEE94F9-BA02-CCAF-DF82-E0C26DB5A4C0}.Debug|Any CPU.ActiveCfg = Debug|Any CPU
		{FCEE94F9-BA02-CCAF-DF82-E0C26DB5A4C0}.Debug|Any CPU.Build.0 = Debug|Any CPU
		{FCEE94F9-BA02-CCAF-DF82-E0C26DB5A4C0}.Release|Any CPU.ActiveCfg = Release|Any CPU
		{FCEE94F9-BA02-CCAF-DF82-E0C26DB5A4C0}.Release|Any CPU.Build.0 = Release|Any CPU
	EndGlobalSection
	GlobalSection(SolutionProperties) = preSolution
		HideSolutionNode = FALSE
	EndGlobalSection
	GlobalSection(MonoDevelopProperties) = preSolution
		StartupItem = Assembly-CSharp.csproj
	EndGlobalSection
EndGlobal
